
Microsoft Visual Studio Solution File, Format Version 12.00
# Visual Studio 14
VisualStudioVersion = 14.0.25420.1
MinimumVisualStudioVersion = 10.0.40219.1
Project("{FAE04EC0-301F-11D3-BF4B-00C04F79EFBC}") = "HomeMediaApp.Droid", "HomeMediaApp\HomeMediaApp.Droid\HomeMediaApp.Droid.csproj", "{6EBDA7DA-61A8-4030-A247-0F4DFF5CF37C}"
EndProject
Project("{FAE04EC0-301F-11D3-BF4B-00C04F79EFBC}") = "HomeMediaApp.iOS", "HomeMediaApp\HomeMediaApp.iOS\HomeMediaApp.iOS.csproj", "{9A8062A5-1FD5-498B-AEAA-6870DED8EF8B}"
EndProject
Project("{FAE04EC0-301F-11D3-BF4B-00C04F79EFBC}") = "HomeMediaApp.WinPhone", "HomeMediaApp\HomeMediaApp.WinPhone\HomeMediaApp.WinPhone.csproj", "{3520D78C-39FF-4D75-96FC-753779DEBCFC}"
EndProject
Project("{FAE04EC0-301F-11D3-BF4B-00C04F79EFBC}") = "HomeMediaApp.Windows", "HomeMediaApp\HomeMediaApp.Windows\HomeMediaApp.Windows.csproj", "{7B51678E-4F22-4E0D-8026-3E36BDF5BE57}"
EndProject
Project("{FAE04EC0-301F-11D3-BF4B-00C04F79EFBC}") = "HomeMediaApp", "HomeMediaApp\HomeMediaApp\HomeMediaApp.csproj", "{AA378564-2968-4D10-BE6F-B297DC0620A3}"
EndProject
Global
	GlobalSection(SolutionConfigurationPlatforms) = preSolution
		Ad-Hoc|Any CPU = Ad-Hoc|Any CPU
		Ad-Hoc|ARM = Ad-Hoc|ARM
		Ad-Hoc|iPhone = Ad-Hoc|iPhone
		Ad-Hoc|iPhoneSimulator = Ad-Hoc|iPhoneSimulator
		Ad-Hoc|x64 = Ad-Hoc|x64
		Ad-Hoc|x86 = Ad-Hoc|x86
		AppStore|Any CPU = AppStore|Any CPU
		AppStore|ARM = AppStore|ARM
		AppStore|iPhone = AppStore|iPhone
		AppStore|iPhoneSimulator = AppStore|iPhoneSimulator
		AppStore|x64 = AppStore|x64
		AppStore|x86 = AppStore|x86
		Debug|Any CPU = Debug|Any CPU
		Debug|ARM = Debug|ARM
		Debug|iPhone = Debug|iPhone
		Debug|iPhoneSimulator = Debug|iPhoneSimulator
		Debug|x64 = Debug|x64
		Debug|x86 = Debug|x86
		Release|Any CPU = Release|Any CPU
		Release|ARM = Release|ARM
		Release|iPhone = Release|iPhone
		Release|iPhoneSimulator = Release|iPhoneSimulator
		Release|x64 = Release|x64
		Release|x86 = Release|x86
	EndGlobalSection
	GlobalSection(ProjectConfigurationPlatforms) = postSolution
		{6EBDA7DA-61A8-4030-A247-0F4DFF5CF37C}.Ad-Hoc|Any CPU.ActiveCfg = Release|Any CPU
		{6EBDA7DA-61A8-4030-A247-0F4DFF5CF37C}.Ad-Hoc|Any CPU.Build.0 = Release|Any CPU
		{6EBDA7DA-61A8-4030-A247-0F4DFF5CF37C}.Ad-Hoc|Any CPU.Deploy.0 = Release|Any CPU
		{6EBDA7DA-61A8-4030-A247-0F4DFF5CF37C}.Ad-Hoc|ARM.ActiveCfg = Release|Any CPU
		{6EBDA7DA-61A8-4030-A247-0F4DFF5CF37C}.Ad-Hoc|ARM.Build.0 = Release|Any CPU
		{6EBDA7DA-61A8-4030-A247-0F4DFF5CF37C}.Ad-Hoc|ARM.Deploy.0 = Release|Any CPU
		{6EBDA7DA-61A8-4030-A247-0F4DFF5CF37C}.Ad-Hoc|iPhone.ActiveCfg = Release|Any CPU
		{6EBDA7DA-61A8-4030-A247-0F4DFF5CF37C}.Ad-Hoc|iPhone.Build.0 = Release|Any CPU
		{6EBDA7DA-61A8-4030-A247-0F4DFF5CF37C}.Ad-Hoc|iPhone.Deploy.0 = Release|Any CPU
		{6EBDA7DA-61A8-4030-A247-0F4DFF5CF37C}.Ad-Hoc|iPhoneSimulator.ActiveCfg = Release|Any CPU
		{6EBDA7DA-61A8-4030-A247-0F4DFF5CF37C}.Ad-Hoc|iPhoneSimulator.Build.0 = Release|Any CPU
		{6EBDA7DA-61A8-4030-A247-0F4DFF5CF37C}.Ad-Hoc|iPhoneSimulator.Deploy.0 = Release|Any CPU
		{6EBDA7DA-61A8-4030-A247-0F4DFF5CF37C}.Ad-Hoc|x64.ActiveCfg = Release|Any CPU
		{6EBDA7DA-61A8-4030-A247-0F4DFF5CF37C}.Ad-Hoc|x64.Build.0 = Release|Any CPU
		{6EBDA7DA-61A8-4030-A247-0F4DFF5CF37C}.Ad-Hoc|x64.Deploy.0 = Release|Any CPU
		{6EBDA7DA-61A8-4030-A247-0F4DFF5CF37C}.Ad-Hoc|x86.ActiveCfg = Release|Any CPU
		{6EBDA7DA-61A8-4030-A247-0F4DFF5CF37C}.Ad-Hoc|x86.Build.0 = Release|Any CPU
		{6EBDA7DA-61A8-4030-A247-0F4DFF5CF37C}.Ad-Hoc|x86.Deploy.0 = Release|Any CPU
		{6EBDA7DA-61A8-4030-A247-0F4DFF5CF37C}.AppStore|Any CPU.ActiveCfg = Release|Any CPU
		{6EBDA7DA-61A8-4030-A247-0F4DFF5CF37C}.AppStore|Any CPU.Build.0 = Release|Any CPU
		{6EBDA7DA-61A8-4030-A247-0F4DFF5CF37C}.AppStore|Any CPU.Deploy.0 = Release|Any CPU
		{6EBDA7DA-61A8-4030-A247-0F4DFF5CF37C}.AppStore|ARM.ActiveCfg = Release|Any CPU
		{6EBDA7DA-61A8-4030-A247-0F4DFF5CF37C}.AppStore|ARM.Build.0 = Release|Any CPU
		{6EBDA7DA-61A8-4030-A247-0F4DFF5CF37C}.AppStore|ARM.Deploy.0 = Release|Any CPU
		{6EBDA7DA-61A8-4030-A247-0F4DFF5CF37C}.AppStore|iPhone.ActiveCfg = Release|Any CPU
		{6EBDA7DA-61A8-4030-A247-0F4DFF5CF37C}.AppStore|iPhone.Build.0 = Release|Any CPU
		{6EBDA7DA-61A8-4030-A247-0F4DFF5CF37C}.AppStore|iPhone.Deploy.0 = Release|Any CPU
		{6EBDA7DA-61A8-4030-A247-0F4DFF5CF37C}.AppStore|iPhoneSimulator.ActiveCfg = Release|Any CPU
		{6EBDA7DA-61A8-4030-A247-0F4DFF5CF37C}.AppStore|iPhoneSimulator.Build.0 = Release|Any CPU
		{6EBDA7DA-61A8-4030-A247-0F4DFF5CF37C}.AppStore|iPhoneSimulator.Deploy.0 = Release|Any CPU
		{6EBDA7DA-61A8-4030-A247-0F4DFF5CF37C}.AppStore|x64.ActiveCfg = Release|Any CPU
		{6EBDA7DA-61A8-4030-A247-0F4DFF5CF37C}.AppStore|x64.Build.0 = Release|Any CPU
		{6EBDA7DA-61A8-4030-A247-0F4DFF5CF37C}.AppStore|x64.Deploy.0 = Release|Any CPU
		{6EBDA7DA-61A8-4030-A247-0F4DFF5CF37C}.AppStore|x86.ActiveCfg = Release|Any CPU
		{6EBDA7DA-61A8-4030-A247-0F4DFF5CF37C}.AppStore|x86.Build.0 = Release|Any CPU
		{6EBDA7DA-61A8-4030-A247-0F4DFF5CF37C}.AppStore|x86.Deploy.0 = Release|Any CPU
		{6EBDA7DA-61A8-4030-A247-0F4DFF5CF37C}.Debug|Any CPU.ActiveCfg = Debug|Any CPU
		{6EBDA7DA-61A8-4030-A247-0F4DFF5CF37C}.Debug|Any CPU.Build.0 = Debug|Any CPU
		{6EBDA7DA-61A8-4030-A247-0F4DFF5CF37C}.Debug|Any CPU.Deploy.0 = Debug|Any CPU
		{6EBDA7DA-61A8-4030-A247-0F4DFF5CF37C}.Debug|ARM.ActiveCfg = Debug|Any CPU
		{6EBDA7DA-61A8-4030-A247-0F4DFF5CF37C}.Debug|ARM.Build.0 = Debug|Any CPU
		{6EBDA7DA-61A8-4030-A247-0F4DFF5CF37C}.Debug|ARM.Deploy.0 = Debug|Any CPU
		{6EBDA7DA-61A8-4030-A247-0F4DFF5CF37C}.Debug|iPhone.ActiveCfg = Debug|Any CPU
		{6EBDA7DA-61A8-4030-A247-0F4DFF5CF37C}.Debug|iPhone.Build.0 = Debug|Any CPU
		{6EBDA7DA-61A8-4030-A247-0F4DFF5CF37C}.Debug|iPhone.Deploy.0 = Debug|Any CPU
		{6EBDA7DA-61A8-4030-A247-0F4DFF5CF37C}.Debug|iPhoneSimulator.ActiveCfg = Debug|Any CPU
		{6EBDA7DA-61A8-4030-A247-0F4DFF5CF37C}.Debug|iPhoneSimulator.Build.0 = Debug|Any CPU
		{6EBDA7DA-61A8-4030-A247-0F4DFF5CF37C}.Debug|iPhoneSimulator.Deploy.0 = Debug|Any CPU
		{6EBDA7DA-61A8-4030-A247-0F4DFF5CF37C}.Debug|x64.ActiveCfg = Debug|Any CPU
		{6EBDA7DA-61A8-4030-A247-0F4DFF5CF37C}.Debug|x64.Build.0 = Debug|Any CPU
		{6EBDA7DA-61A8-4030-A247-0F4DFF5CF37C}.Debug|x64.Deploy.0 = Debug|Any CPU
		{6EBDA7DA-61A8-4030-A247-0F4DFF5CF37C}.Debug|x86.ActiveCfg = Debug|Any CPU
		{6EBDA7DA-61A8-4030-A247-0F4DFF5CF37C}.Debug|x86.Build.0 = Debug|Any CPU
		{6EBDA7DA-61A8-4030-A247-0F4DFF5CF37C}.Debug|x86.Deploy.0 = Debug|Any CPU
		{6EBDA7DA-61A8-4030-A247-0F4DFF5CF37C}.Release|Any CPU.ActiveCfg = Release|Any CPU
		{6EBDA7DA-61A8-4030-A247-0F4DFF5CF37C}.Release|Any CPU.Build.0 = Release|Any CPU
		{6EBDA7DA-61A8-4030-A247-0F4DFF5CF37C}.Release|Any CPU.Deploy.0 = Release|Any CPU
		{6EBDA7DA-61A8-4030-A247-0F4DFF5CF37C}.Release|ARM.ActiveCfg = Release|Any CPU
		{6EBDA7DA-61A8-4030-A247-0F4DFF5CF37C}.Release|ARM.Build.0 = Release|Any CPU
		{6EBDA7DA-61A8-4030-A247-0F4DFF5CF37C}.Release|ARM.Deploy.0 = Release|Any CPU
		{6EBDA7DA-61A8-4030-A247-0F4DFF5CF37C}.Release|iPhone.ActiveCfg = Release|Any CPU
		{6EBDA7DA-61A8-4030-A247-0F4DFF5CF37C}.Release|iPhone.Build.0 = Release|Any CPU
		{6EBDA7DA-61A8-4030-A247-0F4DFF5CF37C}.Release|iPhone.Deploy.0 = Release|Any CPU
		{6EBDA7DA-61A8-4030-A247-0F4DFF5CF37C}.Release|iPhoneSimulator.ActiveCfg = Release|Any CPU
		{6EBDA7DA-61A8-4030-A247-0F4DFF5CF37C}.Release|iPhoneSimulator.Build.0 = Release|Any CPU
		{6EBDA7DA-61A8-4030-A247-0F4DFF5CF37C}.Release|iPhoneSimulator.Deploy.0 = Release|Any CPU
		{6EBDA7DA-61A8-4030-A247-0F4DFF5CF37C}.Release|x64.ActiveCfg = Release|Any CPU
		{6EBDA7DA-61A8-4030-A247-0F4DFF5CF37C}.Release|x64.Build.0 = Release|Any CPU
		{6EBDA7DA-61A8-4030-A247-0F4DFF5CF37C}.Release|x64.Deploy.0 = Release|Any CPU
		{6EBDA7DA-61A8-4030-A247-0F4DFF5CF37C}.Release|x86.ActiveCfg = Release|Any CPU
		{6EBDA7DA-61A8-4030-A247-0F4DFF5CF37C}.Release|x86.Build.0 = Release|Any CPU
		{6EBDA7DA-61A8-4030-A247-0F4DFF5CF37C}.Release|x86.Deploy.0 = Release|Any CPU
		{9A8062A5-1FD5-498B-AEAA-6870DED8EF8B}.Ad-Hoc|Any CPU.ActiveCfg = Ad-Hoc|iPhone
		{9A8062A5-1FD5-498B-AEAA-6870DED8EF8B}.Ad-Hoc|ARM.ActiveCfg = Ad-Hoc|iPhone
		{9A8062A5-1FD5-498B-AEAA-6870DED8EF8B}.Ad-Hoc|iPhone.ActiveCfg = Ad-Hoc|iPhone
		{9A8062A5-1FD5-498B-AEAA-6870DED8EF8B}.Ad-Hoc|iPhone.Build.0 = Ad-Hoc|iPhone
		{9A8062A5-1FD5-498B-AEAA-6870DED8EF8B}.Ad-Hoc|iPhoneSimulator.ActiveCfg = Ad-Hoc|iPhoneSimulator
		{9A8062A5-1FD5-498B-AEAA-6870DED8EF8B}.Ad-Hoc|iPhoneSimulator.Build.0 = Ad-Hoc|iPhoneSimulator
		{9A8062A5-1FD5-498B-AEAA-6870DED8EF8B}.Ad-Hoc|x64.ActiveCfg = Ad-Hoc|iPhone
		{9A8062A5-1FD5-498B-AEAA-6870DED8EF8B}.Ad-Hoc|x86.ActiveCfg = Ad-Hoc|iPhone
		{9A8062A5-1FD5-498B-AEAA-6870DED8EF8B}.AppStore|Any CPU.ActiveCfg = AppStore|iPhone
		{9A8062A5-1FD5-498B-AEAA-6870DED8EF8B}.AppStore|ARM.ActiveCfg = AppStore|iPhone
		{9A8062A5-1FD5-498B-AEAA-6870DED8EF8B}.AppStore|iPhone.ActiveCfg = AppStore|iPhone
		{9A8062A5-1FD5-498B-AEAA-6870DED8EF8B}.AppStore|iPhone.Build.0 = AppStore|iPhone
		{9A8062A5-1FD5-498B-AEAA-6870DED8EF8B}.AppStore|iPhoneSimulator.ActiveCfg = AppStore|iPhoneSimulator
		{9A8062A5-1FD5-498B-AEAA-6870DED8EF8B}.AppStore|iPhoneSimulator.Build.0 = AppStore|iPhoneSimulator
		{9A8062A5-1FD5-498B-AEAA-6870DED8EF8B}.AppStore|x64.ActiveCfg = AppStore|iPhone
		{9A8062A5-1FD5-498B-AEAA-6870DED8EF8B}.AppStore|x86.ActiveCfg = AppStore|iPhone
		{9A8062A5-1FD5-498B-AEAA-6870DED8EF8B}.Debug|Any CPU.ActiveCfg = Debug|iPhone
		{9A8062A5-1FD5-498B-AEAA-6870DED8EF8B}.Debug|ARM.ActiveCfg = Debug|iPhone
		{9A8062A5-1FD5-498B-AEAA-6870DED8EF8B}.Debug|iPhone.ActiveCfg = Debug|iPhone
		{9A8062A5-1FD5-498B-AEAA-6870DED8EF8B}.Debug|iPhone.Build.0 = Debug|iPhone
		{9A8062A5-1FD5-498B-AEAA-6870DED8EF8B}.Debug|iPhoneSimulator.ActiveCfg = Debug|iPhoneSimulator
		{9A8062A5-1FD5-498B-AEAA-6870DED8EF8B}.Debug|iPhoneSimulator.Build.0 = Debug|iPhoneSimulator
		{9A8062A5-1FD5-498B-AEAA-6870DED8EF8B}.Debug|x64.ActiveCfg = Debug|iPhone
		{9A8062A5-1FD5-498B-AEAA-6870DED8EF8B}.Debug|x86.ActiveCfg = Debug|iPhone
		{9A8062A5-1FD5-498B-AEAA-6870DED8EF8B}.Release|Any CPU.ActiveCfg = Release|iPhone
		{9A8062A5-1FD5-498B-AEAA-6870DED8EF8B}.Release|ARM.ActiveCfg = Release|iPhone
		{9A8062A5-1FD5-498B-AEAA-6870DED8EF8B}.Release|iPhone.ActiveCfg = Release|iPhone
		{9A8062A5-1FD5-498B-AEAA-6870DED8EF8B}.Release|iPhone.Build.0 = Release|iPhone
		{9A8062A5-1FD5-498B-AEAA-6870DED8EF8B}.Release|iPhoneSimulator.ActiveCfg = Release|iPhoneSimulator
		{9A8062A5-1FD5-498B-AEAA-6870DED8EF8B}.Release|iPhoneSimulator.Build.0 = Release|iPhoneSimulator
		{9A8062A5-1FD5-498B-AEAA-6870DED8EF8B}.Release|x64.ActiveCfg = Release|iPhone
		{9A8062A5-1FD5-498B-AEAA-6870DED8EF8B}.Release|x86.ActiveCfg = Release|iPhone
		{3520D78C-39FF-4D75-96FC-753779DEBCFC}.Ad-Hoc|Any CPU.ActiveCfg = Release|Any CPU
		{3520D78C-39FF-4D75-96FC-753779DEBCFC}.Ad-Hoc|Any CPU.Build.0 = Release|Any CPU
		{3520D78C-39FF-4D75-96FC-753779DEBCFC}.Ad-Hoc|Any CPU.Deploy.0 = Release|Any CPU
		{3520D78C-39FF-4D75-96FC-753779DEBCFC}.Ad-Hoc|ARM.ActiveCfg = Release|ARM
		{3520D78C-39FF-4D75-96FC-753779DEBCFC}.Ad-Hoc|ARM.Build.0 = Release|ARM
		{3520D78C-39FF-4D75-96FC-753779DEBCFC}.Ad-Hoc|ARM.Deploy.0 = Release|ARM
		{3520D78C-39FF-4D75-96FC-753779DEBCFC}.Ad-Hoc|iPhone.ActiveCfg = Release|Any CPU
		{3520D78C-39FF-4D75-96FC-753779DEBCFC}.Ad-Hoc|iPhone.Build.0 = Release|Any CPU
		{3520D78C-39FF-4D75-96FC-753779DEBCFC}.Ad-Hoc|iPhone.Deploy.0 = Release|Any CPU
		{3520D78C-39FF-4D75-96FC-753779DEBCFC}.Ad-Hoc|iPhoneSimulator.ActiveCfg = Release|Any CPU
		{3520D78C-39FF-4D75-96FC-753779DEBCFC}.Ad-Hoc|iPhoneSimulator.Build.0 = Release|Any CPU
		{3520D78C-39FF-4D75-96FC-753779DEBCFC}.Ad-Hoc|iPhoneSimulator.Deploy.0 = Release|Any CPU
		{3520D78C-39FF-4D75-96FC-753779DEBCFC}.Ad-Hoc|x64.ActiveCfg = Release|Any CPU
		{3520D78C-39FF-4D75-96FC-753779DEBCFC}.Ad-Hoc|x64.Build.0 = Release|Any CPU
		{3520D78C-39FF-4D75-96FC-753779DEBCFC}.Ad-Hoc|x64.Deploy.0 = Release|Any CPU
		{3520D78C-39FF-4D75-96FC-753779DEBCFC}.Ad-Hoc|x86.ActiveCfg = Release|x86
		{3520D78C-39FF-4D75-96FC-753779DEBCFC}.Ad-Hoc|x86.Build.0 = Release|x86
		{3520D78C-39FF-4D75-96FC-753779DEBCFC}.Ad-Hoc|x86.Deploy.0 = Release|x86
		{3520D78C-39FF-4D75-96FC-753779DEBCFC}.AppStore|Any CPU.ActiveCfg = Release|Any CPU
		{3520D78C-39FF-4D75-96FC-753779DEBCFC}.AppStore|Any CPU.Build.0 = Release|Any CPU
		{3520D78C-39FF-4D75-96FC-753779DEBCFC}.AppStore|Any CPU.Deploy.0 = Release|Any CPU
		{3520D78C-39FF-4D75-96FC-753779DEBCFC}.AppStore|ARM.ActiveCfg = Release|ARM
		{3520D78C-39FF-4D75-96FC-753779DEBCFC}.AppStore|ARM.Build.0 = Release|ARM
		{3520D78C-39FF-4D75-96FC-753779DEBCFC}.AppStore|ARM.Deploy.0 = Release|ARM
		{3520D78C-39FF-4D75-96FC-753779DEBCFC}.AppStore|iPhone.ActiveCfg = Release|Any CPU
		{3520D78C-39FF-4D75-96FC-753779DEBCFC}.AppStore|iPhone.Build.0 = Release|Any CPU
		{3520D78C-39FF-4D75-96FC-753779DEBCFC}.AppStore|iPhone.Deploy.0 = Release|Any CPU
		{3520D78C-39FF-4D75-96FC-753779DEBCFC}.AppStore|iPhoneSimulator.ActiveCfg = Release|Any CPU
		{3520D78C-39FF-4D75-96FC-753779DEBCFC}.AppStore|iPhoneSimulator.Build.0 = Release|Any CPU
		{3520D78C-39FF-4D75-96FC-753779DEBCFC}.AppStore|iPhoneSimulator.Deploy.0 = Release|Any CPU
		{3520D78C-39FF-4D75-96FC-753779DEBCFC}.AppStore|x64.ActiveCfg = Release|Any CPU
		{3520D78C-39FF-4D75-96FC-753779DEBCFC}.AppStore|x64.Build.0 = Release|Any CPU
		{3520D78C-39FF-4D75-96FC-753779DEBCFC}.AppStore|x64.Deploy.0 = Release|Any CPU
		{3520D78C-39FF-4D75-96FC-753779DEBCFC}.AppStore|x86.ActiveCfg = Release|x86
		{3520D78C-39FF-4D75-96FC-753779DEBCFC}.AppStore|x86.Build.0 = Release|x86
		{3520D78C-39FF-4D75-96FC-753779DEBCFC}.AppStore|x86.Deploy.0 = Release|x86
		{3520D78C-39FF-4D75-96FC-753779DEBCFC}.Debug|Any CPU.ActiveCfg = Debug|Any CPU
		{3520D78C-39FF-4D75-96FC-753779DEBCFC}.Debug|Any CPU.Build.0 = Debug|Any CPU
		{3520D78C-39FF-4D75-96FC-753779DEBCFC}.Debug|Any CPU.Deploy.0 = Debug|Any CPU
		{3520D78C-39FF-4D75-96FC-753779DEBCFC}.Debug|ARM.ActiveCfg = Debug|ARM
		{3520D78C-39FF-4D75-96FC-753779DEBCFC}.Debug|ARM.Build.0 = Debug|ARM
		{3520D78C-39FF-4D75-96FC-753779DEBCFC}.Debug|ARM.Deploy.0 = Debug|ARM
		{3520D78C-39FF-4D75-96FC-753779DEBCFC}.Debug|iPhone.ActiveCfg = Debug|Any CPU
		{3520D78C-39FF-4D75-96FC-753779DEBCFC}.Debug|iPhone.Build.0 = Debug|Any CPU
		{3520D78C-39FF-4D75-96FC-753779DEBCFC}.Debug|iPhone.Deploy.0 = Debug|Any CPU
		{3520D78C-39FF-4D75-96FC-753779DEBCFC}.Debug|iPhoneSimulator.ActiveCfg = Debug|Any CPU
		{3520D78C-39FF-4D75-96FC-753779DEBCFC}.Debug|iPhoneSimulator.Build.0 = Debug|Any CPU
		{3520D78C-39FF-4D75-96FC-753779DEBCFC}.Debug|iPhoneSimulator.Deploy.0 = Debug|Any CPU
		{3520D78C-39FF-4D75-96FC-753779DEBCFC}.Debug|x64.ActiveCfg = Debug|Any CPU
		{3520D78C-39FF-4D75-96FC-753779DEBCFC}.Debug|x64.Build.0 = Debug|Any CPU
		{3520D78C-39FF-4D75-96FC-753779DEBCFC}.Debug|x64.Deploy.0 = Debug|Any CPU
		{3520D78C-39FF-4D75-96FC-753779DEBCFC}.Debug|x86.ActiveCfg = Debug|x86
		{3520D78C-39FF-4D75-96FC-753779DEBCFC}.Debug|x86.Build.0 = Debug|x86
		{3520D78C-39FF-4D75-96FC-753779DEBCFC}.Debug|x86.Deploy.0 = Debug|x86
		{3520D78C-39FF-4D75-96FC-753779DEBCFC}.Release|Any CPU.ActiveCfg = Release|Any CPU
		{3520D78C-39FF-4D75-96FC-753779DEBCFC}.Release|Any CPU.Build.0 = Release|Any CPU
		{3520D78C-39FF-4D75-96FC-753779DEBCFC}.Release|Any CPU.Deploy.0 = Release|Any CPU
		{3520D78C-39FF-4D75-96FC-753779DEBCFC}.Release|ARM.ActiveCfg = Release|ARM
		{3520D78C-39FF-4D75-96FC-753779DEBCFC}.Release|ARM.Build.0 = Release|ARM
		{3520D78C-39FF-4D75-96FC-753779DEBCFC}.Release|ARM.Deploy.0 = Release|ARM
		{3520D78C-39FF-4D75-96FC-753779DEBCFC}.Release|iPhone.ActiveCfg = Release|Any CPU
		{3520D78C-39FF-4D75-96FC-753779DEBCFC}.Release|iPhone.Build.0 = Release|Any CPU
		{3520D78C-39FF-4D75-96FC-753779DEBCFC}.Release|iPhone.Deploy.0 = Release|Any CPU
		{3520D78C-39FF-4D75-96FC-753779DEBCFC}.Release|iPhoneSimulator.ActiveCfg = Release|Any CPU
		{3520D78C-39FF-4D75-96FC-753779DEBCFC}.Release|iPhoneSimulator.Build.0 = Release|Any CPU
		{3520D78C-39FF-4D75-96FC-753779DEBCFC}.Release|iPhoneSimulator.Deploy.0 = Release|Any CPU
		{3520D78C-39FF-4D75-96FC-753779DEBCFC}.Release|x64.ActiveCfg = Release|Any CPU
		{3520D78C-39FF-4D75-96FC-753779DEBCFC}.Release|x64.Build.0 = Release|Any CPU
		{3520D78C-39FF-4D75-96FC-753779DEBCFC}.Release|x64.Deploy.0 = Release|Any CPU
		{3520D78C-39FF-4D75-96FC-753779DEBCFC}.Release|x86.ActiveCfg = Release|x86
		{3520D78C-39FF-4D75-96FC-753779DEBCFC}.Release|x86.Build.0 = Release|x86
		{3520D78C-39FF-4D75-96FC-753779DEBCFC}.Release|x86.Deploy.0 = Release|x86
		{7B51678E-4F22-4E0D-8026-3E36BDF5BE57}.Ad-Hoc|Any CPU.ActiveCfg = Release|Any CPU
		{7B51678E-4F22-4E0D-8026-3E36BDF5BE57}.Ad-Hoc|Any CPU.Build.0 = Release|Any CPU
		{7B51678E-4F22-4E0D-8026-3E36BDF5BE57}.Ad-Hoc|Any CPU.Deploy.0 = Release|Any CPU
		{7B51678E-4F22-4E0D-8026-3E36BDF5BE57}.Ad-Hoc|ARM.ActiveCfg = Release|ARM
		{7B51678E-4F22-4E0D-8026-3E36BDF5BE57}.Ad-Hoc|ARM.Build.0 = Release|ARM
		{7B51678E-4F22-4E0D-8026-3E36BDF5BE57}.Ad-Hoc|ARM.Deploy.0 = Release|ARM
		{7B51678E-4F22-4E0D-8026-3E36BDF5BE57}.Ad-Hoc|iPhone.ActiveCfg = Release|Any CPU
		{7B51678E-4F22-4E0D-8026-3E36BDF5BE57}.Ad-Hoc|iPhone.Build.0 = Release|Any CPU
		{7B51678E-4F22-4E0D-8026-3E36BDF5BE57}.Ad-Hoc|iPhone.Deploy.0 = Release|Any CPU
		{7B51678E-4F22-4E0D-8026-3E36BDF5BE57}.Ad-Hoc|iPhoneSimulator.ActiveCfg = Release|Any CPU
		{7B51678E-4F22-4E0D-8026-3E36BDF5BE57}.Ad-Hoc|iPhoneSimulator.Build.0 = Release|Any CPU
		{7B51678E-4F22-4E0D-8026-3E36BDF5BE57}.Ad-Hoc|iPhoneSimulator.Deploy.0 = Release|Any CPU
		{7B51678E-4F22-4E0D-8026-3E36BDF5BE57}.Ad-Hoc|x64.ActiveCfg = Release|x64
		{7B51678E-4F22-4E0D-8026-3E36BDF5BE57}.Ad-Hoc|x64.Build.0 = Release|x64
		{7B51678E-4F22-4E0D-8026-3E36BDF5BE57}.Ad-Hoc|x64.Deploy.0 = Release|x64
		{7B51678E-4F22-4E0D-8026-3E36BDF5BE57}.Ad-Hoc|x86.ActiveCfg = Release|x86
		{7B51678E-4F22-4E0D-8026-3E36BDF5BE57}.Ad-Hoc|x86.Build.0 = Release|x86
		{7B51678E-4F22-4E0D-8026-3E36BDF5BE57}.Ad-Hoc|x86.Deploy.0 = Release|x86
		{7B51678E-4F22-4E0D-8026-3E36BDF5BE57}.AppStore|Any CPU.ActiveCfg = Release|Any CPU
		{7B51678E-4F22-4E0D-8026-3E36BDF5BE57}.AppStore|Any CPU.Build.0 = Release|Any CPU
		{7B51678E-4F22-4E0D-8026-3E36BDF5BE57}.AppStore|Any CPU.Deploy.0 = Release|Any CPU
		{7B51678E-4F22-4E0D-8026-3E36BDF5BE57}.AppStore|ARM.ActiveCfg = Release|ARM
		{7B51678E-4F22-4E0D-8026-3E36BDF5BE57}.AppStore|ARM.Build.0 = Release|ARM
		{7B51678E-4F22-4E0D-8026-3E36BDF5BE57}.AppStore|ARM.Deploy.0 = Release|ARM
		{7B51678E-4F22-4E0D-8026-3E36BDF5BE57}.AppStore|iPhone.ActiveCfg = Release|Any CPU
		{7B51678E-4F22-4E0D-8026-3E36BDF5BE57}.AppStore|iPhone.Build.0 = Release|Any CPU
		{7B51678E-4F22-4E0D-8026-3E36BDF5BE57}.AppStore|iPhone.Deploy.0 = Release|Any CPU
		{7B51678E-4F22-4E0D-8026-3E36BDF5BE57}.AppStore|iPhoneSimulator.ActiveCfg = Release|Any CPU
		{7B51678E-4F22-4E0D-8026-3E36BDF5BE57}.AppStore|iPhoneSimulator.Build.0 = Release|Any CPU
		{7B51678E-4F22-4E0D-8026-3E36BDF5BE57}.AppStore|iPhoneSimulator.Deploy.0 = Release|Any CPU
		{7B51678E-4F22-4E0D-8026-3E36BDF5BE57}.AppStore|x64.ActiveCfg = Release|x64
		{7B51678E-4F22-4E0D-8026-3E36BDF5BE57}.AppStore|x64.Build.0 = Release|x64
		{7B51678E-4F22-4E0D-8026-3E36BDF5BE57}.AppStore|x64.Deploy.0 = Release|x64
		{7B51678E-4F22-4E0D-8026-3E36BDF5BE57}.AppStore|x86.ActiveCfg = Release|x86
		{7B51678E-4F22-4E0D-8026-3E36BDF5BE57}.AppStore|x86.Build.0 = Release|x86
		{7B51678E-4F22-4E0D-8026-3E36BDF5BE57}.AppStore|x86.Deploy.0 = Release|x86
		{7B51678E-4F22-4E0D-8026-3E36BDF5BE57}.Debug|Any CPU.ActiveCfg = Debug|Any CPU
		{7B51678E-4F22-4E0D-8026-3E36BDF5BE57}.Debug|Any CPU.Build.0 = Debug|Any CPU
		{7B51678E-4F22-4E0D-8026-3E36BDF5BE57}.Debug|Any CPU.Deploy.0 = Debug|Any CPU
		{7B51678E-4F22-4E0D-8026-3E36BDF5BE57}.Debug|ARM.ActiveCfg = Debug|ARM
		{7B51678E-4F22-4E0D-8026-3E36BDF5BE57}.Debug|ARM.Build.0 = Debug|ARM
		{7B51678E-4F22-4E0D-8026-3E36BDF5BE57}.Debug|ARM.Deploy.0 = Debug|ARM
		{7B51678E-4F22-4E0D-8026-3E36BDF5BE57}.Debug|iPhone.ActiveCfg = Debug|Any CPU
		{7B51678E-4F22-4E0D-8026-3E36BDF5BE57}.Debug|iPhone.Build.0 = Debug|Any CPU
		{7B51678E-4F22-4E0D-8026-3E36BDF5BE57}.Debug|iPhone.Deploy.0 = Debug|Any CPU
		{7B51678E-4F22-4E0D-8026-3E36BDF5BE57}.Debug|iPhoneSimulator.ActiveCfg = Debug|Any CPU
		{7B51678E-4F22-4E0D-8026-3E36BDF5BE57}.Debug|iPhoneSimulator.Build.0 = Debug|Any CPU
		{7B51678E-4F22-4E0D-8026-3E36BDF5BE57}.Debug|iPhoneSimulator.Deploy.0 = Debug|Any CPU
		{7B51678E-4F22-4E0D-8026-3E36BDF5BE57}.Debug|x64.ActiveCfg = Debug|x64
		{7B51678E-4F22-4E0D-8026-3E36BDF5BE57}.Debug|x64.Build.0 = Debug|x64
		{7B51678E-4F22-4E0D-8026-3E36BDF5BE57}.Debug|x64.Deploy.0 = Debug|x64
		{7B51678E-4F22-4E0D-8026-3E36BDF5BE57}.Debug|x86.ActiveCfg = Debug|x86
		{7B51678E-4F22-4E0D-8026-3E36BDF5BE57}.Debug|x86.Build.0 = Debug|x86
		{7B51678E-4F22-4E0D-8026-3E36BDF5BE57}.Debug|x86.Deploy.0 = Debug|x86
		{7B51678E-4F22-4E0D-8026-3E36BDF5BE57}.Release|Any CPU.ActiveCfg = Release|Any CPU
		{7B51678E-4F22-4E0D-8026-3E36BDF5BE57}.Release|Any CPU.Build.0 = Release|Any CPU
		{7B51678E-4F22-4E0D-8026-3E36BDF5BE57}.Release|Any CPU.Deploy.0 = Release|Any CPU
		{7B51678E-4F22-4E0D-8026-3E36BDF5BE57}.Release|ARM.ActiveCfg = Release|ARM
		{7B51678E-4F22-4E0D-8026-3E36BDF5BE57}.Release|ARM.Build.0 = Release|ARM
		{7B51678E-4F22-4E0D-8026-3E36BDF5BE57}.Release|ARM.Deploy.0 = Release|ARM
		{7B51678E-4F22-4E0D-8026-3E36BDF5BE57}.Release|iPhone.ActiveCfg = Release|Any CPU
		{7B51678E-4F22-4E0D-8026-3E36BDF5BE57}.Release|iPhone.Build.0 = Release|Any CPU
		{7B51678E-4F22-4E0D-8026-3E36BDF5BE57}.Release|iPhone.Deploy.0 = Release|Any CPU
		{7B51678E-4F22-4E0D-8026-3E36BDF5BE57}.Release|iPhoneSimulator.ActiveCfg = Release|Any CPU
		{7B51678E-4F22-4E0D-8026-3E36BDF5BE57}.Release|iPhoneSimulator.Build.0 = Release|Any CPU
		{7B51678E-4F22-4E0D-8026-3E36BDF5BE57}.Release|iPhoneSimulator.Deploy.0 = Release|Any CPU
		{7B51678E-4F22-4E0D-8026-3E36BDF5BE57}.Release|x64.ActiveCfg = Release|x64
		{7B51678E-4F22-4E0D-8026-3E36BDF5BE57}.Release|x64.Build.0 = Release|x64
		{7B51678E-4F22-4E0D-8026-3E36BDF5BE57}.Release|x64.Deploy.0 = Release|x64
		{7B51678E-4F22-4E0D-8026-3E36BDF5BE57}.Release|x86.ActiveCfg = Release|x86
		{7B51678E-4F22-4E0D-8026-3E36BDF5BE57}.Release|x86.Build.0 = Release|x86
		{7B51678E-4F22-4E0D-8026-3E36BDF5BE57}.Release|x86.Deploy.0 = Release|x86
		{AA378564-2968-4D10-BE6F-B297DC0620A3}.Ad-Hoc|Any CPU.ActiveCfg = Release|Any CPU
		{AA378564-2968-4D10-BE6F-B297DC0620A3}.Ad-Hoc|Any CPU.Build.0 = Release|Any CPU
		{AA378564-2968-4D10-BE6F-B297DC0620A3}.Ad-Hoc|ARM.ActiveCfg = Release|Any CPU
		{AA378564-2968-4D10-BE6F-B297DC0620A3}.Ad-Hoc|ARM.Build.0 = Release|Any CPU
		{AA378564-2968-4D10-BE6F-B297DC0620A3}.Ad-Hoc|iPhone.ActiveCfg = Release|Any CPU
		{AA378564-2968-4D10-BE6F-B297DC0620A3}.Ad-Hoc|iPhone.Build.0 = Release|Any CPU
		{AA378564-2968-4D10-BE6F-B297DC0620A3}.Ad-Hoc|iPhoneSimulator.ActiveCfg = Release|Any CPU
		{AA378564-2968-4D10-BE6F-B297DC0620A3}.Ad-Hoc|iPhoneSimulator.Build.0 = Release|Any CPU
		{AA378564-2968-4D10-BE6F-B297DC0620A3}.Ad-Hoc|x64.ActiveCfg = Release|Any CPU
		{AA378564-2968-4D10-BE6F-B297DC0620A3}.Ad-Hoc|x64.Build.0 = Release|Any CPU
		{AA378564-2968-4D10-BE6F-B297DC0620A3}.Ad-Hoc|x86.ActiveCfg = Release|Any CPU
		{AA378564-2968-4D10-BE6F-B297DC0620A3}.Ad-Hoc|x86.Build.0 = Release|Any CPU
		{AA378564-2968-4D10-BE6F-B297DC0620A3}.AppStore|Any CPU.ActiveCfg = Release|Any CPU
		{AA378564-2968-4D10-BE6F-B297DC0620A3}.AppStore|Any CPU.Build.0 = Release|Any CPU
		{AA378564-2968-4D10-BE6F-B297DC0620A3}.AppStore|ARM.ActiveCfg = Release|Any CPU
		{AA378564-2968-4D10-BE6F-B297DC0620A3}.AppStore|ARM.Build.0 = Release|Any CPU
		{AA378564-2968-4D10-BE6F-B297DC0620A3}.AppStore|iPhone.ActiveCfg = Release|Any CPU
		{AA378564-2968-4D10-BE6F-B297DC0620A3}.AppStore|iPhone.Build.0 = Release|Any CPU
		{AA378564-2968-4D10-BE6F-B297DC0620A3}.AppStore|iPhoneSimulator.ActiveCfg = Release|Any CPU
		{AA378564-2968-4D10-BE6F-B297DC0620A3}.AppStore|iPhoneSimulator.Build.0 = Release|Any CPU
		{AA378564-2968-4D10-BE6F-B297DC0620A3}.AppStore|x64.ActiveCfg = Release|Any CPU
		{AA378564-2968-4D10-BE6F-B297DC0620A3}.AppStore|x64.Build.0 = Release|Any CPU
		{AA378564-2968-4D10-BE6F-B297DC0620A3}.AppStore|x86.ActiveCfg = Release|Any CPU
		{AA378564-2968-4D10-BE6F-B297DC0620A3}.AppStore|x86.Build.0 = Release|Any CPU
		{AA378564-2968-4D10-BE6F-B297DC0620A3}.Debug|Any CPU.ActiveCfg = Debug|Any CPU
		{AA378564-2968-4D10-BE6F-B297DC0620A3}.Debug|Any CPU.Build.0 = Debug|Any CPU
		{AA378564-2968-4D10-BE6F-B297DC0620A3}.Debug|ARM.ActiveCfg = Debug|Any CPU
		{AA378564-2968-4D10-BE6F-B297DC0620A3}.Debug|ARM.Build.0 = Debug|Any CPU
		{AA378564-2968-4D10-BE6F-B297DC0620A3}.Debug|iPhone.ActiveCfg = Debug|Any CPU
		{AA378564-2968-4D10-BE6F-B297DC0620A3}.Debug|iPhone.Build.0 = Debug|Any CPU
		{AA378564-2968-4D10-BE6F-B297DC0620A3}.Debug|iPhoneSimulator.ActiveCfg = Debug|Any CPU
		{AA378564-2968-4D10-BE6F-B297DC0620A3}.Debug|iPhoneSimulator.Build.0 = Debug|Any CPU
		{AA378564-2968-4D10-BE6F-B297DC0620A3}.Debug|x64.ActiveCfg = Debug|Any CPU
		{AA378564-2968-4D10-BE6F-B297DC0620A3}.Debug|x64.Build.0 = Debug|Any CPU
		{AA378564-2968-4D10-BE6F-B297DC0620A3}.Debug|x86.ActiveCfg = Debug|Any CPU
		{AA378564-2968-4D10-BE6F-B297DC0620A3}.Debug|x86.Build.0 = Debug|Any CPU
		{AA378564-2968-4D10-BE6F-B297DC0620A3}.Release|Any CPU.ActiveCfg = Release|Any CPU
		{AA378564-2968-4D10-BE6F-B297DC0620A3}.Release|Any CPU.Build.0 = Release|Any CPU
		{AA378564-2968-4D10-BE6F-B297DC0620A3}.Release|ARM.ActiveCfg = Release|Any CPU
		{AA378564-2968-4D10-BE6F-B297DC0620A3}.Release|ARM.Build.0 = Release|Any CPU
		{AA378564-2968-4D10-BE6F-B297DC0620A3}.Release|iPhone.ActiveCfg = Release|Any CPU
		{AA378564-2968-4D10-BE6F-B297DC0620A3}.Release|iPhone.Build.0 = Release|Any CPU
		{AA378564-2968-4D10-BE6F-B297DC0620A3}.Release|iPhoneSimulator.ActiveCfg = Release|Any CPU
		{AA378564-2968-4D10-BE6F-B297DC0620A3}.Release|iPhoneSimulator.Build.0 = Release|Any CPU
		{AA378564-2968-4D10-BE6F-B297DC0620A3}.Release|x64.ActiveCfg = Release|Any CPU
		{AA378564-2968-4D10-BE6F-B297DC0620A3}.Release|x64.Build.0 = Release|Any CPU
		{AA378564-2968-4D10-BE6F-B297DC0620A3}.Release|x86.ActiveCfg = Release|Any CPU
		{AA378564-2968-4D10-BE6F-B297DC0620A3}.Release|x86.Build.0 = Release|Any CPU
	EndGlobalSection
	GlobalSection(SolutionProperties) = preSolution
		HideSolutionNode = FALSE
	EndGlobalSection
EndGlobal
